
Microsoft Visual Studio Solution File, Format Version 12.00
# Visual Studio Version 16
VisualStudioVersion = 16.0.30804.86
MinimumVisualStudioVersion = 10.0.40219.1
Project("{FAE04EC0-301F-11D3-BF4B-00C04F79EFBC}") = "ChessConsole", "ChessConsole\ChessConsole.csproj", "{EE0DA17F-252D-4EC8-981C-68F8CF22B183}"
EndProject
Global
	GlobalSection(SolutionConfigurationPlatforms) = preSolution
		Debug|Any CPU = Debug|Any CPU
		Release|Any CPU = Release|Any CPU
	EndGlobalSection
	GlobalSection(ProjectConfigurationPlatforms) = postSolution
		{EE0DA17F-252D-4EC8-981C-68F8CF22B183}.Debug|Any CPU.ActiveCfg = Debug|Any CPU
		{EE0DA17F-252D-4EC8-981C-68F8CF22B183}.Debug|Any CPU.Build.0 = Debug|Any CPU
		{EE0DA17F-252D-4EC8-981C-68F8CF22B183}.Release|Any CPU.ActiveCfg = Release|Any CPU
		{EE0DA17F-252D-4EC8-981C-68F8CF22B183}.Release|Any CPU.Build.0 = Release|Any CPU
	EndGlobalSection
	GlobalSection(SolutionProperties) = preSolution
		HideSolutionNode = FALSE
	EndGlobalSection
	GlobalSection(ExtensibilityGlobals) = postSolution
		SolutionGuid = {80FECA17-3D2A-476B-BE22-2A7C9702EFE5}
	EndGlobalSection
EndGlobal
